
Microsoft Visual Studio Solution File, Format Version 12.00
# Visual Studio Version 17
VisualStudioVersion = 17.4.33213.308
MinimumVisualStudioVersion = 10.0.40219.1
Project("{FAE04EC0-301F-11D3-BF4B-00C04F79EFBC}") = "Matching Game", "Matching Game\Matching Game.csproj", "{4FA516F3-81EE-49E6-A6FE-F28E16C29C8B}"
EndProject
Global
	GlobalSection(SolutionConfigurationPlatforms) = preSolution
		Debug|Any CPU = Debug|Any CPU
		Release|Any CPU = Release|Any CPU
	EndGlobalSection
	GlobalSection(ProjectConfigurationPlatforms) = postSolution
		{4FA516F3-81EE-49E6-A6FE-F28E16C29C8B}.Debug|Any CPU.ActiveCfg = Debug|Any CPU
		{4FA516F3-81EE-49E6-A6FE-F28E16C29C8B}.Debug|Any CPU.Build.0 = Debug|Any CPU
		{4FA516F3-81EE-49E6-A6FE-F28E16C29C8B}.Release|Any CPU.ActiveCfg = Release|Any CPU
		{4FA516F3-81EE-49E6-A6FE-F28E16C29C8B}.Release|Any CPU.Build.0 = Release|Any CPU
	EndGlobalSection
	GlobalSection(SolutionProperties) = preSolution
		HideSolutionNode = FALSE
	EndGlobalSection
	GlobalSection(ExtensibilityGlobals) = postSolution
		SolutionGuid = {ABACF35A-745F-4FD3-9B04-FBF703FE8F56}
	EndGlobalSection
EndGlobal
